
Microsoft Visual Studio Solution File, Format Version 12.00
# Visual Studio 15
VisualStudioVersion = 15.0.35826.109
MinimumVisualStudioVersion = 10.0.40219.1
Project("{FAE04EC0-301F-11D3-BF4B-00C04F79EFBC}") = "Calculadora", "Calculadora\Calculadora.csproj", "{E1874BBE-692E-4F36-B252-612B6F46D970}"
EndProject
Project("{54435603-DBB4-11D2-8724-00A0C9A8B90C}") = "Setup1", "Setup1\Setup1.vdproj", "{8D683A33-F43A-4567-A999-0FA42DECD182}"
EndProject
Global
	GlobalSection(SolutionConfigurationPlatforms) = preSolution
		Debug|Any CPU = Debug|Any CPU
		Release|Any CPU = Release|Any CPU
	EndGlobalSection
	GlobalSection(ProjectConfigurationPlatforms) = postSolution
		{E1874BBE-692E-4F36-B252-612B6F46D970}.Debug|Any CPU.ActiveCfg = Release|Any CPU
		{E1874BBE-692E-4F36-B252-612B6F46D970}.Debug|Any CPU.Build.0 = Release|Any CPU
		{E1874BBE-692E-4F36-B252-612B6F46D970}.Release|Any CPU.ActiveCfg = Release|Any CPU
		{E1874BBE-692E-4F36-B252-612B6F46D970}.Release|Any CPU.Build.0 = Release|Any CPU
		{8D683A33-F43A-4567-A999-0FA42DECD182}.Debug|Any CPU.ActiveCfg = Debug
		{8D683A33-F43A-4567-A999-0FA42DECD182}.Release|Any CPU.ActiveCfg = Release
	EndGlobalSection
	GlobalSection(SolutionProperties) = preSolution
		HideSolutionNode = FALSE
	EndGlobalSection
	GlobalSection(ExtensibilityGlobals) = postSolution
		SolutionGuid = {FF678392-E9A3-4DCF-8FED-33CB79781A26}
	EndGlobalSection
EndGlobal
